
Microsoft Visual Studio Solution File, Format Version 12.00
# Visual Studio 15
VisualStudioVersion = 15.0.27703.2018
MinimumVisualStudioVersion = 10.0.40219.1
Project("{FAE04EC0-301F-11D3-BF4B-00C04F79EFBC}") = "Emiter", "DemoRebbitMQ_Console\Emiter.csproj", "{54859E8D-E284-4CB1-B0AC-3F1767AD26DF}"
EndProject
Project("{FAE04EC0-301F-11D3-BF4B-00C04F79EFBC}") = "DemoRPC", "DemoRPC\DemoRPC.csproj", "{5987FC43-66B2-4969-BCBA-7776ED82988A}"
EndProject
Global
	GlobalSection(SolutionConfigurationPlatforms) = preSolution
		Debug|Any CPU = Debug|Any CPU
		Release|Any CPU = Release|Any CPU
	EndGlobalSection
	GlobalSection(ProjectConfigurationPlatforms) = postSolution
		{54859E8D-E284-4CB1-B0AC-3F1767AD26DF}.Debug|Any CPU.ActiveCfg = Debug|Any CPU
		{54859E8D-E284-4CB1-B0AC-3F1767AD26DF}.Debug|Any CPU.Build.0 = Debug|Any CPU
		{54859E8D-E284-4CB1-B0AC-3F1767AD26DF}.Release|Any CPU.ActiveCfg = Release|Any CPU
		{54859E8D-E284-4CB1-B0AC-3F1767AD26DF}.Release|Any CPU.Build.0 = Release|Any CPU
		{5987FC43-66B2-4969-BCBA-7776ED82988A}.Debug|Any CPU.ActiveCfg = Debug|Any CPU
		{5987FC43-66B2-4969-BCBA-7776ED82988A}.Debug|Any CPU.Build.0 = Debug|Any CPU
		{5987FC43-66B2-4969-BCBA-7776ED82988A}.Release|Any CPU.ActiveCfg = Release|Any CPU
		{5987FC43-66B2-4969-BCBA-7776ED82988A}.Release|Any CPU.Build.0 = Release|Any CPU
	EndGlobalSection
	GlobalSection(SolutionProperties) = preSolution
		HideSolutionNode = FALSE
	EndGlobalSection
	GlobalSection(ExtensibilityGlobals) = postSolution
		SolutionGuid = {22637C3B-1EE3-467A-ADFE-FC3E25BB8462}
	EndGlobalSection
EndGlobal
